
Microsoft Visual Studio Solution File, Format Version 12.00
# Visual Studio Version 17
VisualStudioVersion = 17.7.34003.232
MinimumVisualStudioVersion = 10.0.40219.1
Project("{2150E333-8FDC-42A3-9474-1A3956D46DE8}") = "FrontEnd", "FrontEnd", "{DF98F025-1ECE-478C-B6A7-96F4AB278839}"
EndProject
Project("{2150E333-8FDC-42A3-9474-1A3956D46DE8}") = "Intergration", "Intergration", "{5F71D6D8-7470-4CFE-8F3B-8878DE382172}"
EndProject
Project("{2150E333-8FDC-42A3-9474-1A3956D46DE8}") = "Gateway", "Gateway", "{1301680C-8C66-48AD-B8A2-E1A94829E656}"
EndProject
Project("{2150E333-8FDC-42A3-9474-1A3956D46DE8}") = "Services", "Services", "{5D69BB13-F4C3-4ACE-9F6D-42FE09E02DCD}"
EndProject
Project("{9A19103F-16F7-4668-BE54-9A1E7A4F7556}") = "Mango.Services.CouponAPI", "Mango.Services.CouponAPI\Mango.Services.CouponAPI.csproj", "{B1B1CA08-5734-4729-9EC2-549CA1BF9349}"
EndProject
Project("{9A19103F-16F7-4668-BE54-9A1E7A4F7556}") = "Mango.Web", "Mango.Web\Mango.Web.csproj", "{E1D6ED55-2130-40A6-BFD1-F9EA3F653CA4}"
EndProject
Project("{9A19103F-16F7-4668-BE54-9A1E7A4F7556}") = "Mango.Services.AuthAPI", "Mango.Services.AuthAPI\Mango.Services.AuthAPI.csproj", "{7D16C059-6671-4693-AC6B-974CA583B1AD}"
EndProject
Project("{9A19103F-16F7-4668-BE54-9A1E7A4F7556}") = "Mango.Services.ProductAPI", "Mango.Services.ProductAPI\Mango.Services.ProductAPI.csproj", "{39CE036B-CCE9-427B-A557-06C93FB9468C}"
EndProject
Project("{FAE04EC0-301F-11D3-BF4B-00C04F79EFBC}") = "Mango.Services.ShoppingCartAPI", "Mango.Services.ShoppingCartAPI\Mango.Services.ShoppingCartAPI.csproj", "{57EAA969-3461-456F-8707-8C7B84B9CBE1}"
EndProject
Project("{FAE04EC0-301F-11D3-BF4B-00C04F79EFBC}") = "Mango.MessageBus", "Mango.MessageBus\Mango.MessageBus.csproj", "{D2541623-9461-4188-82D3-9E9BED2522E1}"
EndProject
Project("{FAE04EC0-301F-11D3-BF4B-00C04F79EFBC}") = "Mango.Services.EmailAPI", "Mango.Services.EmailAPI\Mango.Services.EmailAPI.csproj", "{8A42F705-25C8-492D-934C-20B2C572DCF9}"
EndProject
Project("{FAE04EC0-301F-11D3-BF4B-00C04F79EFBC}") = "Mango.Services.OrderAPI", "Mango.Services.OrderAPI\Mango.Services.OrderAPI.csproj", "{CBB63CCE-3D1E-4BA1-932A-6E27DC1A9D42}"
EndProject
Project("{FAE04EC0-301F-11D3-BF4B-00C04F79EFBC}") = "Mango.Services.RewardAPI", "Mango.Services.RewardAPI\Mango.Services.RewardAPI.csproj", "{EF150546-8199-4A4C-AC6C-D06042B4AD34}"
EndProject
Global
	GlobalSection(SolutionConfigurationPlatforms) = preSolution
		Debug|Any CPU = Debug|Any CPU
		Release|Any CPU = Release|Any CPU
	EndGlobalSection
	GlobalSection(ProjectConfigurationPlatforms) = postSolution
		{B1B1CA08-5734-4729-9EC2-549CA1BF9349}.Debug|Any CPU.ActiveCfg = Debug|Any CPU
		{B1B1CA08-5734-4729-9EC2-549CA1BF9349}.Debug|Any CPU.Build.0 = Debug|Any CPU
		{B1B1CA08-5734-4729-9EC2-549CA1BF9349}.Release|Any CPU.ActiveCfg = Release|Any CPU
		{B1B1CA08-5734-4729-9EC2-549CA1BF9349}.Release|Any CPU.Build.0 = Release|Any CPU
		{E1D6ED55-2130-40A6-BFD1-F9EA3F653CA4}.Debug|Any CPU.ActiveCfg = Debug|Any CPU
		{E1D6ED55-2130-40A6-BFD1-F9EA3F653CA4}.Debug|Any CPU.Build.0 = Debug|Any CPU
		{E1D6ED55-2130-40A6-BFD1-F9EA3F653CA4}.Release|Any CPU.ActiveCfg = Release|Any CPU
		{E1D6ED55-2130-40A6-BFD1-F9EA3F653CA4}.Release|Any CPU.Build.0 = Release|Any CPU
		{7D16C059-6671-4693-AC6B-974CA583B1AD}.Debug|Any CPU.ActiveCfg = Debug|Any CPU
		{7D16C059-6671-4693-AC6B-974CA583B1AD}.Debug|Any CPU.Build.0 = Debug|Any CPU
		{7D16C059-6671-4693-AC6B-974CA583B1AD}.Release|Any CPU.ActiveCfg = Release|Any CPU
		{7D16C059-6671-4693-AC6B-974CA583B1AD}.Release|Any CPU.Build.0 = Release|Any CPU
		{39CE036B-CCE9-427B-A557-06C93FB9468C}.Debug|Any CPU.ActiveCfg = Debug|Any CPU
		{39CE036B-CCE9-427B-A557-06C93FB9468C}.Debug|Any CPU.Build.0 = Debug|Any CPU
		{39CE036B-CCE9-427B-A557-06C93FB9468C}.Release|Any CPU.ActiveCfg = Release|Any CPU
		{39CE036B-CCE9-427B-A557-06C93FB9468C}.Release|Any CPU.Build.0 = Release|Any CPU
		{57EAA969-3461-456F-8707-8C7B84B9CBE1}.Debug|Any CPU.ActiveCfg = Debug|Any CPU
		{57EAA969-3461-456F-8707-8C7B84B9CBE1}.Debug|Any CPU.Build.0 = Debug|Any CPU
		{57EAA969-3461-456F-8707-8C7B84B9CBE1}.Release|Any CPU.ActiveCfg = Release|Any CPU
		{57EAA969-3461-456F-8707-8C7B84B9CBE1}.Release|Any CPU.Build.0 = Release|Any CPU
		{D2541623-9461-4188-82D3-9E9BED2522E1}.Debug|Any CPU.ActiveCfg = Debug|Any CPU
		{D2541623-9461-4188-82D3-9E9BED2522E1}.Debug|Any CPU.Build.0 = Debug|Any CPU
		{D2541623-9461-4188-82D3-9E9BED2522E1}.Release|Any CPU.ActiveCfg = Release|Any CPU
		{D2541623-9461-4188-82D3-9E9BED2522E1}.Release|Any CPU.Build.0 = Release|Any CPU
		{8A42F705-25C8-492D-934C-20B2C572DCF9}.Debug|Any CPU.ActiveCfg = Debug|Any CPU
		{8A42F705-25C8-492D-934C-20B2C572DCF9}.Debug|Any CPU.Build.0 = Debug|Any CPU
		{8A42F705-25C8-492D-934C-20B2C572DCF9}.Release|Any CPU.ActiveCfg = Release|Any CPU
		{8A42F705-25C8-492D-934C-20B2C572DCF9}.Release|Any CPU.Build.0 = Release|Any CPU
		{CBB63CCE-3D1E-4BA1-932A-6E27DC1A9D42}.Debug|Any CPU.ActiveCfg = Debug|Any CPU
		{CBB63CCE-3D1E-4BA1-932A-6E27DC1A9D42}.Debug|Any CPU.Build.0 = Debug|Any CPU
		{CBB63CCE-3D1E-4BA1-932A-6E27DC1A9D42}.Release|Any CPU.ActiveCfg = Release|Any CPU
		{CBB63CCE-3D1E-4BA1-932A-6E27DC1A9D42}.Release|Any CPU.Build.0 = Release|Any CPU
		{EF150546-8199-4A4C-AC6C-D06042B4AD34}.Debug|Any CPU.ActiveCfg = Debug|Any CPU
		{EF150546-8199-4A4C-AC6C-D06042B4AD34}.Debug|Any CPU.Build.0 = Debug|Any CPU
		{EF150546-8199-4A4C-AC6C-D06042B4AD34}.Release|Any CPU.ActiveCfg = Release|Any CPU
		{EF150546-8199-4A4C-AC6C-D06042B4AD34}.Release|Any CPU.Build.0 = Release|Any CPU
	EndGlobalSection
	GlobalSection(SolutionProperties) = preSolution
		HideSolutionNode = FALSE
	EndGlobalSection
	GlobalSection(NestedProjects) = preSolution
		{B1B1CA08-5734-4729-9EC2-549CA1BF9349} = {5D69BB13-F4C3-4ACE-9F6D-42FE09E02DCD}
		{E1D6ED55-2130-40A6-BFD1-F9EA3F653CA4} = {DF98F025-1ECE-478C-B6A7-96F4AB278839}
		{7D16C059-6671-4693-AC6B-974CA583B1AD} = {5D69BB13-F4C3-4ACE-9F6D-42FE09E02DCD}
		{39CE036B-CCE9-427B-A557-06C93FB9468C} = {5D69BB13-F4C3-4ACE-9F6D-42FE09E02DCD}
		{57EAA969-3461-456F-8707-8C7B84B9CBE1} = {5D69BB13-F4C3-4ACE-9F6D-42FE09E02DCD}
		{D2541623-9461-4188-82D3-9E9BED2522E1} = {5F71D6D8-7470-4CFE-8F3B-8878DE382172}
		{8A42F705-25C8-492D-934C-20B2C572DCF9} = {5D69BB13-F4C3-4ACE-9F6D-42FE09E02DCD}
		{CBB63CCE-3D1E-4BA1-932A-6E27DC1A9D42} = {5D69BB13-F4C3-4ACE-9F6D-42FE09E02DCD}
		{EF150546-8199-4A4C-AC6C-D06042B4AD34} = {5D69BB13-F4C3-4ACE-9F6D-42FE09E02DCD}
	EndGlobalSection
	GlobalSection(ExtensibilityGlobals) = postSolution
		SolutionGuid = {5E0D67C0-0C5E-40E6-A532-05BEC8888494}
	EndGlobalSection
EndGlobal
